server:  
    port: 1111   # HTTP port
eureka:
    client:
        registerWithEureka: false
        fetchRegistry: false
        service-url:
            defaultZone: http://localhost:1111/eureka
    server:
        eviction-interval-timer-in-ms: 1000
    instance:
        instance-id: ${spring.application.name}:${random.int}      
logging:  
    file: logs/${spring.application.name}.log
    level:
        com.netflix.discovery: 'OFF'
        org.springframework.cloud: 'INFO'
        com.atsistemas: 'INFO'
